
Microsoft Visual Studio Solution File, Format Version 12.00
# Visual Studio Version 17
VisualStudioVersion = 17.2.32630.192
MinimumVisualStudioVersion = 10.0.40219.1
Project("{FAE04EC0-301F-11D3-BF4B-00C04F79EFBC}") = "webapp", "webapp\webapp.csproj", "{C85D956C-DF2F-4002-9D51-9C9700E62FC0}"
EndProject
Global
	GlobalSection(SolutionConfigurationPlatforms) = preSolution
		Debug|Any CPU = Debug|Any CPU
		Release|Any CPU = Release|Any CPU
	EndGlobalSection
	GlobalSection(ProjectConfigurationPlatforms) = postSolution
		{C85D956C-DF2F-4002-9D51-9C9700E62FC0}.Debug|Any CPU.ActiveCfg = Debug|Any CPU
		{C85D956C-DF2F-4002-9D51-9C9700E62FC0}.Debug|Any CPU.Build.0 = Debug|Any CPU
		{C85D956C-DF2F-4002-9D51-9C9700E62FC0}.Release|Any CPU.ActiveCfg = Release|Any CPU
		{C85D956C-DF2F-4002-9D51-9C9700E62FC0}.Release|Any CPU.Build.0 = Release|Any CPU
	EndGlobalSection
	GlobalSection(SolutionProperties) = preSolution
		HideSolutionNode = FALSE
	EndGlobalSection
	GlobalSection(ExtensibilityGlobals) = postSolution
		SolutionGuid = {F2CB0614-0098-40EA-B85E-59E0A1F25CEF}
	EndGlobalSection
EndGlobal
